
Microsoft Visual Studio Solution File, Format Version 12.00
# Visual Studio Version 17
VisualStudioVersion = 17.8.34330.188
MinimumVisualStudioVersion = 10.0.40219.1
Project("{9A19103F-16F7-4668-BE54-9A1E7A4F7556}") = "VatakorTestCaseAPI", "VatakorTestCaseAPI\VatakorTestCaseAPI.csproj", "{30D5E7B5-1757-48D8-8D65-375D729121D4}"
EndProject
Global
	GlobalSection(SolutionConfigurationPlatforms) = preSolution
		Debug|Any CPU = Debug|Any CPU
		Release|Any CPU = Release|Any CPU
	EndGlobalSection
	GlobalSection(ProjectConfigurationPlatforms) = postSolution
		{30D5E7B5-1757-48D8-8D65-375D729121D4}.Debug|Any CPU.ActiveCfg = Debug|Any CPU
		{30D5E7B5-1757-48D8-8D65-375D729121D4}.Debug|Any CPU.Build.0 = Debug|Any CPU
		{30D5E7B5-1757-48D8-8D65-375D729121D4}.Release|Any CPU.ActiveCfg = Release|Any CPU
		{30D5E7B5-1757-48D8-8D65-375D729121D4}.Release|Any CPU.Build.0 = Release|Any CPU
	EndGlobalSection
	GlobalSection(SolutionProperties) = preSolution
		HideSolutionNode = FALSE
	EndGlobalSection
	GlobalSection(ExtensibilityGlobals) = postSolution
		SolutionGuid = {F9632B0C-C42F-40AF-BB02-8C5DD72F2531}
	EndGlobalSection
EndGlobal
